// !$*UTF8*$!
{
	archiveVersion = 1;
	classes = {
	};
	objectVersion = 56;
	objects = {

/* Begin PBXBuildFile section */
		6E6C1F6F2DAE7B6900EED258 /* TrueAndFalseToggleView.swift in Sources */ = {isa = PBXBuildFile; fileRef = 6E6C1F6E2DAE7B6900EED258 /* TrueAndFalseToggleView.swift */; };
		6E6C1F712DAE7D5800EED258 /* ListAndSwiftUi.swift in Sources */ = {isa = PBXBuildFile; fileRef = 6E6C1F702DAE7D5800EED258 /* ListAndSwiftUi.swift */; };
		6EBDD5512DAD4D960097B47B /* ButtonIncrementView.swift in Sources */ = {isa = PBXBuildFile; fileRef = 6EBDD5502DAD4D960097B47B /* ButtonIncrementView.swift */; };
		6EBDD5552DAD4D970097B47B /* Assets.xcassets in Resources */ = {isa = PBXBuildFile; fileRef = 6EBDD5542DAD4D970097B47B /* Assets.xcassets */; };
		6EBDD5592DAD4D970097B47B /* Preview Assets.xcassets in Resources */ = {isa = PBXBuildFile; fileRef = 6EBDD5582DAD4D970097B47B /* Preview Assets.xcassets */; };
		6EBDD5612DAD4E530097B47B /* MainView.swift in Sources */ = {isa = PBXBuildFile; fileRef = 6EBDD5602DAD4E530097B47B /* MainView.swift */; };
/* End PBXBuildFile section */

/* Begin PBXFileReference section */
		6E6C1F6E2DAE7B6900EED258 /* TrueAndFalseToggleView.swift */ = {isa = PBXFileReference; lastKnownFileType = sourcecode.swift; path = TrueAndFalseToggleView.swift; sourceTree = "<group>"; };
		6E6C1F702DAE7D5800EED258 /* ListAndSwiftUi.swift */ = {isa = PBXFileReference; lastKnownFileType = sourcecode.swift; path = ListAndSwiftUi.swift; sourceTree = "<group>"; };
		6EBDD54B2DAD4D960097B47B /* UnderstandingStateAndBiding.app */ = {isa = PBXFileReference; explicitFileType = wrapper.application; includeInIndex = 0; path = UnderstandingStateAndBiding.app; sourceTree = BUILT_PRODUCTS_DIR; };
		6EBDD5502DAD4D960097B47B /* ButtonIncrementView.swift */ = {isa = PBXFileReference; lastKnownFileType = sourcecode.swift; path = ButtonIncrementView.swift; sourceTree = "<group>"; };
		6EBDD5542DAD4D970097B47B /* Assets.xcassets */ = {isa = PBXFileReference; lastKnownFileType = folder.assetcatalog; path = Assets.xcassets; sourceTree = "<group>"; };
		6EBDD5562DAD4D970097B47B /* UnderstandingStateAndBiding.entitlements */ = {isa = PBXFileReference; lastKnownFileType = text.plist.entitlements; path = UnderstandingStateAndBiding.entitlements; sourceTree = "<group>"; };
		6EBDD5582DAD4D970097B47B /* Preview Assets.xcassets */ = {isa = PBXFileReference; lastKnownFileType = folder.assetcatalog; path = "Preview Assets.xcassets"; sourceTree = "<group>"; };
		6EBDD5602DAD4E530097B47B /* MainView.swift */ = {isa = PBXFileReference; lastKnownFileType = sourcecode.swift; path = MainView.swift; sourceTree = "<group>"; };
/* End PBXFileReference section */

/* Begin PBXFrameworksBuildPhase section */
		6EBDD5482DAD4D960097B47B /* Frameworks */ = {
			isa = PBXFrameworksBuildPhase;
			buildActionMask = 2147483647;
			files = (
			);
			runOnlyForDeploymentPostprocessing = 0;
		};
/* End PBXFrameworksBuildPhase section */

/* Begin PBXGroup section */
		6EBDD5422DAD4D960097B47B = {
			isa = PBXGroup;
			children = (
				6EBDD54D2DAD4D960097B47B /* UnderstandingStateAndBiding */,
				6EBDD54C2DAD4D960097B47B /* Products */,
			);
			sourceTree = "<group>";
		};
		6EBDD54C2DAD4D960097B47B /* Products */ = {
			isa = PBXGroup;
			children = (
				6EBDD54B2DAD4D960097B47B /* UnderstandingStateAndBiding.app */,
			);
			name = Products;
			sourceTree = "<group>";
		};
		6EBDD54D2DAD4D960097B47B /* UnderstandingStateAndBiding */ = {
			isa = PBXGroup;
			children = (
				6EBDD55F2DAD4DA00097B47B /* Views */,
				6EBDD5542DAD4D970097B47B /* Assets.xcassets */,
				6EBDD5562DAD4D970097B47B /* UnderstandingStateAndBiding.entitlements */,
				6EBDD5572DAD4D970097B47B /* Preview Content */,
			);
			path = UnderstandingStateAndBiding;
			sourceTree = "<group>";
		};
		6EBDD5572DAD4D970097B47B /* Preview Content */ = {
			isa = PBXGroup;
			children = (
				6EBDD5582DAD4D970097B47B /* Preview Assets.xcassets */,
			);
			path = "Preview Content";
			sourceTree = "<group>";
		};
		6EBDD55F2DAD4DA00097B47B /* Views */ = {
			isa = PBXGroup;
			children = (
				6EBDD5502DAD4D960097B47B /* ButtonIncrementView.swift */,
				6EBDD5602DAD4E530097B47B /* MainView.swift */,
				6E6C1F6E2DAE7B6900EED258 /* TrueAndFalseToggleView.swift */,
				6E6C1F702DAE7D5800EED258 /* ListAndSwiftUi.swift */,
			);
			path = Views;
			sourceTree = "<group>";
		};
/* End PBXGroup section */

/* Begin PBXNativeTarget section */
		6EBDD54A2DAD4D960097B47B /* UnderstandingStateAndBiding */ = {
			isa = PBXNativeTarget;
			buildConfigurationList = 6EBDD55C2DAD4D970097B47B /* Build configuration list for PBXNativeTarget "UnderstandingStateAndBiding" */;
			buildPhases = (
				6EBDD5472DAD4D960097B47B /* Sources */,
				6EBDD5482DAD4D960097B47B /* Frameworks */,
				6EBDD5492DAD4D960097B47B /* Resources */,
			);
			buildRules = (
			);
			dependencies = (
			);
			name = UnderstandingStateAndBiding;
			productName = UnderstandingStateAndBiding;
			productReference = 6EBDD54B2DAD4D960097B47B /* UnderstandingStateAndBiding.app */;
			productType = "com.apple.product-type.application";
		};
/* End PBXNativeTarget section */

/* Begin PBXProject section */
		6EBDD5432DAD4D960097B47B /* Project object */ = {
			isa = PBXProject;
			attributes = {
				BuildIndependentTargetsInParallel = 1;
				LastSwiftUpdateCheck = 1540;
				LastUpgradeCheck = 1540;
				TargetAttributes = {
					6EBDD54A2DAD4D960097B47B = {
						CreatedOnToolsVersion = 15.4;
					};
				};
			};
			buildConfigurationList = 6EBDD5462DAD4D960097B47B /* Build configuration list for PBXProject "UnderstandingStateAndBiding" */;
			compatibilityVersion = "Xcode 14.0";
			developmentRegion = en;
			hasScannedForEncodings = 0;
			knownRegions = (
				en,
				Base,
			);
			mainGroup = 6EBDD5422DAD4D960097B47B;
			productRefGroup = 6EBDD54C2DAD4D960097B47B /* Products */;
			projectDirPath = "";
			projectRoot = "";
			targets = (
				6EBDD54A2DAD4D960097B47B /* UnderstandingStateAndBiding */,
			);
		};
/* End PBXProject section */

/* Begin PBXResourcesBuildPhase section */
		6EBDD5492DAD4D960097B47B /* Resources */ = {
			isa = PBXResourcesBuildPhase;
			buildActionMask = 2147483647;
			files = (
				6EBDD5592DAD4D970097B47B /* Preview Assets.xcassets in Resources */,
				6EBDD5552DAD4D970097B47B /* Assets.xcassets in Resources */,
			);
			runOnlyForDeploymentPostprocessing = 0;
		};
/* End PBXResourcesBuildPhase section */

/* Begin PBXSourcesBuildPhase section */
		6EBDD5472DAD4D960097B47B /* Sources */ = {
			isa = PBXSourcesBuildPhase;
			buildActionMask = 2147483647;
			files = (
				6E6C1F6F2DAE7B6900EED258 /* TrueAndFalseToggleView.swift in Sources */,
				6E6C1F712DAE7D5800EED258 /* ListAndSwiftUi.swift in Sources */,
				6EBDD5512DAD4D960097B47B /* ButtonIncrementView.swift in Sources */,
				6EBDD5612DAD4E530097B47B /* MainView.swift in Sources */,
			);
			runOnlyForDeploymentPostprocessing = 0;
		};
/* End PBXSourcesBuildPhase section */

/* Begin XCBuildConfiguration section */
		6EBDD55A2DAD4D970097B47B /* Debug */ = {
			isa = XCBuildConfiguration;
			buildSettings = {
				ALWAYS_SEARCH_USER_PATHS = NO;
				ASSETCATALOG_COMPILER_GENERATE_SWIFT_ASSET_SYMBOL_EXTENSIONS = YES;
				CLANG_ANALYZER_NONNULL = YES;
				CLANG_ANALYZER_NUMBER_OBJECT_CONVERSION = YES_AGGRESSIVE;
				CLANG_CXX_LANGUAGE_STANDARD = "gnu++20";
				CLANG_ENABLE_MODULES = YES;
				CLANG_ENABLE_OBJC_ARC = YES;
				CLANG_ENABLE_OBJC_WEAK = YES;
				CLANG_WARN_BLOCK_CAPTURE_AUTORELEASING = YES;
				CLANG_WARN_BOOL_CONVERSION = YES;
				CLANG_WARN_COMMA = YES;
				CLANG_WARN_CONSTANT_CONVERSION = YES;
				CLANG_WARN_DEPRECATED_OBJC_IMPLEMENTATIONS = YES;
				CLANG_WARN_DIRECT_OBJC_ISA_USAGE = YES_ERROR;
				CLANG_WARN_DOCUMENTATION_COMMENTS = YES;
				CLANG_WARN_EMPTY_BODY = YES;
				CLANG_WARN_ENUM_CONVERSION = YES;
				CLANG_WARN_INFINITE_RECURSION = YES;
				CLANG_WARN_INT_CONVERSION = YES;
				CLANG_WARN_NON_LITERAL_NULL_CONVERSION = YES;
				CLANG_WARN_OBJC_IMPLICIT_RETAIN_SELF = YES;
				CLANG_WARN_OBJC_LITERAL_CONVERSION = YES;
				CLANG_WARN_OBJC_ROOT_CLASS = YES_ERROR;
				CLANG_WARN_QUOTED_INCLUDE_IN_FRAMEWORK_HEADER = YES;
				CLANG_WARN_RANGE_LOOP_ANALYSIS = YES;
				CLANG_WARN_STRICT_PROTOTYPES = YES;
				CLANG_WARN_SUSPICIOUS_MOVE = YES;
				CLANG_WARN_UNGUARDED_AVAILABILITY = YES_AGGRESSIVE;
				CLANG_WARN_UNREACHABLE_CODE = YES;
				CLANG_WARN__DUPLICATE_METHOD_MATCH = YES;
				COPY_PHASE_STRIP = NO;
				DEBUG_INFORMATION_FORMAT = dwarf;
				ENABLE_STRICT_OBJC_MSGSEND = YES;
				ENABLE_TESTABILITY = YES;
				ENABLE_USER_SCRIPT_SANDBOXING = YES;
				GCC_C_LANGUAGE_STANDARD = gnu17;
				GCC_DYNAMIC_NO_PIC = NO;
				GCC_NO_COMMON_BLOCKS = YES;
				GCC_OPTIMIZATION_LEVEL = 0;
				GCC_PREPROCESSOR_DEFINITIONS = (
					"DEBUG=1",
					"$(inherited)",
				);
				GCC_WARN_64_TO_32_BIT_CONVERSION = YES;
				GCC_WARN_ABOUT_RETURN_TYPE = YES_ERROR;
				GCC_WARN_UNDECLARED_SELECTOR = YES;
				GCC_WARN_UNINITIALIZED_AUTOS = YES_AGGRESSIVE;
				GCC_WARN_UNUSED_FUNCTION = YES;
				GCC_WARN_UNUSED_VARIABLE = YES;
				LOCALIZATION_PREFERS_STRING_CATALOGS = YES;
				MTL_ENABLE_DEBUG_INFO = INCLUDE_SOURCE;
				MTL_FAST_MATH = YES;
				ONLY_ACTIVE_ARCH = YES;
				SWIFT_ACTIVE_COMPILATION_CONDITIONS = "DEBUG $(inherited)";
				SWIFT_OPTIMIZATION_LEVEL = "-Onone";
			};
			name = Debug;
		};
		6EBDD55B2DAD4D970097B47B /* Release */ = {
			isa = XCBuildConfiguration;
			buildSettings = {
				ALWAYS_SEARCH_USER_PATHS = NO;
				ASSETCATALOG_COMPILER_GENERATE_SWIFT_ASSET_SYMBOL_EXTENSIONS = YES;
				CLANG_ANALYZER_NONNULL = YES;
				CLANG_ANALYZER_NUMBER_OBJECT_CONVERSION = YES_AGGRESSIVE;
				CLANG_CXX_LANGUAGE_STANDARD = "gnu++20";
				CLANG_ENABLE_MODULES = YES;
				CLANG_ENABLE_OBJC_ARC = YES;
				CLANG_ENABLE_OBJC_WEAK = YES;
				CLANG_WARN_BLOCK_CAPTURE_AUTORELEASING = YES;
				CLANG_WARN_BOOL_CONVERSION = YES;
				CLANG_WARN_COMMA = YES;
				CLANG_WARN_CONSTANT_CONVERSION = YES;
				CLANG_WARN_DEPRECATED_OBJC_IMPLEMENTATIONS = YES;
				CLANG_WARN_DIRECT_OBJC_ISA_USAGE = YES_ERROR;
				CLANG_WARN_DOCUMENTATION_COMMENTS = YES;
				CLANG_WARN_EMPTY_BODY = YES;
				CLANG_WARN_ENUM_CONVERSION = YES;
				CLANG_WARN_INFINITE_RECURSION = YES;
				CLANG_WARN_INT_CONVERSION = YES;
				CLANG_WARN_NON_LITERAL_NULL_CONVERSION = YES;
				CLANG_WARN_OBJC_IMPLICIT_RETAIN_SELF = YES;
				CLANG_WARN_OBJC_LITERAL_CONVERSION = YES;
				CLANG_WARN_OBJC_ROOT_CLASS = YES_ERROR;
				CLANG_WARN_QUOTED_INCLUDE_IN_FRAMEWORK_HEADER = YES;
				CLANG_WARN_RANGE_LOOP_ANALYSIS = YES;
				CLANG_WARN_STRICT_PROTOTYPES = YES;
				CLANG_WARN_SUSPICIOUS_MOVE = YES;
				CLANG_WARN_UNGUARDED_AVAILABILITY = YES_AGGRESSIVE;
				CLANG_WARN_UNREACHABLE_CODE = YES;
				CLANG_WARN__DUPLICATE_METHOD_MATCH = YES;
				COPY_PHASE_STRIP = NO;
				DEBUG_INFORMATION_FORMAT = "dwarf-with-dsym";
				ENABLE_NS_ASSERTIONS = NO;
				ENABLE_STRICT_OBJC_MSGSEND = YES;
				ENABLE_USER_SCRIPT_SANDBOXING = YES;
				GCC_C_LANGUAGE_STANDARD = gnu17;
				GCC_NO_COMMON_BLOCKS = YES;
				GCC_WARN_64_TO_32_BIT_CONVERSION = YES;
				GCC_WARN_ABOUT_RETURN_TYPE = YES_ERROR;
				GCC_WARN_UNDECLARED_SELECTOR = YES;
				GCC_WARN_UNINITIALIZED_AUTOS = YES_AGGRESSIVE;
				GCC_WARN_UNUSED_FUNCTION = YES;
				GCC_WARN_UNUSED_VARIABLE = YES;
				LOCALIZATION_PREFERS_STRING_CATALOGS = YES;
				MTL_ENABLE_DEBUG_INFO = NO;
				MTL_FAST_MATH = YES;
				SWIFT_COMPILATION_MODE = wholemodule;
			};
			name = Release;
		};
		6EBDD55D2DAD4D970097B47B /* Debug */ = {
			isa = XCBuildConfiguration;
			buildSettings = {
				ASSETCATALOG_COMPILER_APPICON_NAME = AppIcon;
				ASSETCATALOG_COMPILER_GLOBAL_ACCENT_COLOR_NAME = AccentColor;
				CODE_SIGN_ENTITLEMENTS = UnderstandingStateAndBiding/UnderstandingStateAndBiding.entitlements;
				CODE_SIGN_STYLE = Automatic;
				CURRENT_PROJECT_VERSION = 1;
				DEVELOPMENT_ASSET_PATHS = "\"UnderstandingStateAndBiding/Preview Content\"";
				DEVELOPMENT_TEAM = U86N567J6N;
				ENABLE_HARDENED_RUNTIME = YES;
				ENABLE_PREVIEWS = YES;
				GENERATE_INFOPLIST_FILE = YES;
				"INFOPLIST_KEY_UIApplicationSceneManifest_Generation[sdk=iphoneos*]" = YES;
				"INFOPLIST_KEY_UIApplicationSceneManifest_Generation[sdk=iphonesimulator*]" = YES;
				"INFOPLIST_KEY_UIApplicationSupportsIndirectInputEvents[sdk=iphoneos*]" = YES;
				"INFOPLIST_KEY_UIApplicationSupportsIndirectInputEvents[sdk=iphonesimulator*]" = YES;
				"INFOPLIST_KEY_UILaunchScreen_Generation[sdk=iphoneos*]" = YES;
				"INFOPLIST_KEY_UILaunchScreen_Generation[sdk=iphonesimulator*]" = YES;
				"INFOPLIST_KEY_UIStatusBarStyle[sdk=iphoneos*]" = UIStatusBarStyleDefault;
				"INFOPLIST_KEY_UIStatusBarStyle[sdk=iphonesimulator*]" = UIStatusBarStyleDefault;
				INFOPLIST_KEY_UISupportedInterfaceOrientations_iPad = "UIInterfaceOrientationPortrait UIInterfaceOrientationPortraitUpsideDown UIInterfaceOrientationLandscapeLeft UIInterfaceOrientationLandscapeRight";
				INFOPLIST_KEY_UISupportedInterfaceOrientations_iPhone = "UIInterfaceOrientationPortrait UIInterfaceOrientationLandscapeLeft UIInterfaceOrientationLandscapeRight";
				IPHONEOS_DEPLOYMENT_TARGET = 17.5;
				LD_RUNPATH_SEARCH_PATHS = "@executable_path/Frameworks";
				"LD_RUNPATH_SEARCH_PATHS[sdk=macosx*]" = "@executable_path/../Frameworks";
				MACOSX_DEPLOYMENT_TARGET = 14.0;
				MARKETING_VERSION = 1.0;
				PRODUCT_BUNDLE_IDENTIFIER = UnderstandingStateAndBiding.UnderstandingStateAndBiding;
				PRODUCT_NAME = "$(TARGET_NAME)";
				SDKROOT = auto;
				SUPPORTED_PLATFORMS = "iphoneos iphonesimulator macosx";
				SWIFT_EMIT_LOC_STRINGS = YES;
				SWIFT_VERSION = 5.0;
				TARGETED_DEVICE_FAMILY = "1,2";
			};
			name = Debug;
		};
		6EBDD55E2DAD4D970097B47B /* Release */ = {
			isa = XCBuildConfiguration;
			buildSettings = {
				ASSETCATALOG_COMPILER_APPICON_NAME = AppIcon;
				ASSETCATALOG_COMPILER_GLOBAL_ACCENT_COLOR_NAME = AccentColor;
				CODE_SIGN_ENTITLEMENTS = UnderstandingStateAndBiding/UnderstandingStateAndBiding.entitlements;
				CODE_SIGN_STYLE = Automatic;
				CURRENT_PROJECT_VERSION = 1;
				DEVELOPMENT_ASSET_PATHS = "\"UnderstandingStateAndBiding/Preview Content\"";
				DEVELOPMENT_TEAM = U86N567J6N;
				ENABLE_HARDENED_RUNTIME = YES;
				ENABLE_PREVIEWS = YES;
				GENERATE_INFOPLIST_FILE = YES;
				"INFOPLIST_KEY_UIApplicationSceneManifest_Generation[sdk=iphoneos*]" = YES;
				"INFOPLIST_KEY_UIApplicationSceneManifest_Generation[sdk=iphonesimulator*]" = YES;
				"INFOPLIST_KEY_UIApplicationSupportsIndirectInputEvents[sdk=iphoneos*]" = YES;
				"INFOPLIST_KEY_UIApplicationSupportsIndirectInputEvents[sdk=iphonesimulator*]" = YES;
				"INFOPLIST_KEY_UILaunchScreen_Generation[sdk=iphoneos*]" = YES;
				"INFOPLIST_KEY_UILaunchScreen_Generation[sdk=iphonesimulator*]" = YES;
				"INFOPLIST_KEY_UIStatusBarStyle[sdk=iphoneos*]" = UIStatusBarStyleDefault;
				"INFOPLIST_KEY_UIStatusBarStyle[sdk=iphonesimulator*]" = UIStatusBarStyleDefault;
				INFOPLIST_KEY_UISupportedInterfaceOrientations_iPad = "UIInterfaceOrientationPortrait UIInterfaceOrientationPortraitUpsideDown UIInterfaceOrientationLandscapeLeft UIInterfaceOrientationLandscapeRight";
				INFOPLIST_KEY_UISupportedInterfaceOrientations_iPhone = "UIInterfaceOrientationPortrait UIInterfaceOrientationLandscapeLeft UIInterfaceOrientationLandscapeRight";
				IPHONEOS_DEPLOYMENT_TARGET = 17.5;
				LD_RUNPATH_SEARCH_PATHS = "@executable_path/Frameworks";
				"LD_RUNPATH_SEARCH_PATHS[sdk=macosx*]" = "@executable_path/../Frameworks";
				MACOSX_DEPLOYMENT_TARGET = 14.0;
				MARKETING_VERSION = 1.0;
				PRODUCT_BUNDLE_IDENTIFIER = UnderstandingStateAndBiding.UnderstandingStateAndBiding;
				PRODUCT_NAME = "$(TARGET_NAME)";
				SDKROOT = auto;
				SUPPORTED_PLATFORMS = "iphoneos iphonesimulator macosx";
				SWIFT_EMIT_LOC_STRINGS = YES;
				SWIFT_VERSION = 5.0;
				TARGETED_DEVICE_FAMILY = "1,2";
			};
			name = Release;
		};
/* End XCBuildConfiguration section */

/* Begin XCConfigurationList section */
		6EBDD5462DAD4D960097B47B /* Build configuration list for PBXProject "UnderstandingStateAndBiding" */ = {
			isa = XCConfigurationList;
			buildConfigurations = (
				6EBDD55A2DAD4D970097B47B /* Debug */,
				6EBDD55B2DAD4D970097B47B /* Release */,
			);
			defaultConfigurationIsVisible = 0;
			defaultConfigurationName = Release;
		};
		6EBDD55C2DAD4D970097B47B /* Build configuration list for PBXNativeTarget "UnderstandingStateAndBiding" */ = {
			isa = XCConfigurationList;
			buildConfigurations = (
				6EBDD55D2DAD4D970097B47B /* Debug */,
				6EBDD55E2DAD4D970097B47B /* Release */,
			);
			defaultConfigurationIsVisible = 0;
			defaultConfigurationName = Release;
		};
/* End XCConfigurationList section */
	};
	rootObject = 6EBDD5432DAD4D960097B47B /* Project object */;
}
